
Microsoft Visual Studio Solution File, Format Version 12.00
# Visual Studio 15
VisualStudioVersion = 15.0.28010.2050
MinimumVisualStudioVersion = 10.0.40219.1
Project("{FAE04EC0-301F-11D3-BF4B-00C04F79EFBC}") = "ProjectDependencies", "ProjectDependencies\ProjectDependencies.csproj", "{5C85A726-76CC-435F-A351-8308A0BB2E17}"
EndProject
Global
	GlobalSection(SolutionConfigurationPlatforms) = preSolution
		Debug|Any CPU = Debug|Any CPU
		Release|Any CPU = Release|Any CPU
	EndGlobalSection
	GlobalSection(ProjectConfigurationPlatforms) = postSolution
		{5C85A726-76CC-435F-A351-8308A0BB2E17}.Debug|Any CPU.ActiveCfg = Debug|Any CPU
		{5C85A726-76CC-435F-A351-8308A0BB2E17}.Debug|Any CPU.Build.0 = Debug|Any CPU
		{5C85A726-76CC-435F-A351-8308A0BB2E17}.Release|Any CPU.ActiveCfg = Release|Any CPU
		{5C85A726-76CC-435F-A351-8308A0BB2E17}.Release|Any CPU.Build.0 = Release|Any CPU
	EndGlobalSection
	GlobalSection(SolutionProperties) = preSolution
		HideSolutionNode = FALSE
	EndGlobalSection
	GlobalSection(ExtensibilityGlobals) = postSolution
		SolutionGuid = {939FDB75-CA4C-4B94-9990-34E7613AAA56}
	EndGlobalSection
EndGlobal
